
Microsoft Visual Studio Solution File, Format Version 12.00
# Visual Studio Version 16
VisualStudioVersion = 16.0.30907.101
MinimumVisualStudioVersion = 10.0.40219.1
Project("{FAE04EC0-301F-11D3-BF4B-00C04F79EFBC}") = "Generic", "Generic\Generic.csproj", "{8E87317C-59FD-4E4F-80CB-B0CF57B182D0}"
EndProject
Project("{FAE04EC0-301F-11D3-BF4B-00C04F79EFBC}") = "GenericTest", "GenericTest\GenericTest.csproj", "{DEA1DE76-9FC8-47BA-88D0-B42496FB3F30}"
EndProject
Global
	GlobalSection(SolutionConfigurationPlatforms) = preSolution
		Debug|Any CPU = Debug|Any CPU
		Release|Any CPU = Release|Any CPU
	EndGlobalSection
	GlobalSection(ProjectConfigurationPlatforms) = postSolution
		{8E87317C-59FD-4E4F-80CB-B0CF57B182D0}.Debug|Any CPU.ActiveCfg = Debug|Any CPU
		{8E87317C-59FD-4E4F-80CB-B0CF57B182D0}.Debug|Any CPU.Build.0 = Debug|Any CPU
		{8E87317C-59FD-4E4F-80CB-B0CF57B182D0}.Release|Any CPU.ActiveCfg = Release|Any CPU
		{8E87317C-59FD-4E4F-80CB-B0CF57B182D0}.Release|Any CPU.Build.0 = Release|Any CPU
		{DEA1DE76-9FC8-47BA-88D0-B42496FB3F30}.Debug|Any CPU.ActiveCfg = Debug|Any CPU
		{DEA1DE76-9FC8-47BA-88D0-B42496FB3F30}.Debug|Any CPU.Build.0 = Debug|Any CPU
		{DEA1DE76-9FC8-47BA-88D0-B42496FB3F30}.Release|Any CPU.ActiveCfg = Release|Any CPU
		{DEA1DE76-9FC8-47BA-88D0-B42496FB3F30}.Release|Any CPU.Build.0 = Release|Any CPU
	EndGlobalSection
	GlobalSection(SolutionProperties) = preSolution
		HideSolutionNode = FALSE
	EndGlobalSection
	GlobalSection(ExtensibilityGlobals) = postSolution
		SolutionGuid = {261E283C-77F3-485B-B23E-515A02DA6D38}
	EndGlobalSection
EndGlobal
